
Microsoft Visual Studio Solution File, Format Version 12.00
# Visual Studio Version 17
VisualStudioVersion = 17.3.32901.215
MinimumVisualStudioVersion = 10.0.40219.1
Project("{FAE04EC0-301F-11D3-BF4B-00C04F79EFBC}") = "Converter", "Converter\Converter.csproj", "{3A6F5AF1-1A95-46D9-85AD-3FD378750B71}"
EndProject
Global
	GlobalSection(SolutionConfigurationPlatforms) = preSolution
		Debug|Any CPU = Debug|Any CPU
		Release|Any CPU = Release|Any CPU
	EndGlobalSection
	GlobalSection(ProjectConfigurationPlatforms) = postSolution
		{3A6F5AF1-1A95-46D9-85AD-3FD378750B71}.Debug|Any CPU.ActiveCfg = Debug|Any CPU
		{3A6F5AF1-1A95-46D9-85AD-3FD378750B71}.Debug|Any CPU.Build.0 = Debug|Any CPU
		{3A6F5AF1-1A95-46D9-85AD-3FD378750B71}.Release|Any CPU.ActiveCfg = Release|Any CPU
		{3A6F5AF1-1A95-46D9-85AD-3FD378750B71}.Release|Any CPU.Build.0 = Release|Any CPU
	EndGlobalSection
	GlobalSection(SolutionProperties) = preSolution
		HideSolutionNode = FALSE
	EndGlobalSection
	GlobalSection(ExtensibilityGlobals) = postSolution
		SolutionGuid = {AB071457-90D7-4C81-B979-693564C230C8}
	EndGlobalSection
EndGlobal
